
Microsoft Visual Studio Solution File, Format Version 12.00
# Visual Studio Version 16
VisualStudioVersion = 16.0.30330.147
MinimumVisualStudioVersion = 10.0.40219.1
Project("{9A19103F-16F7-4668-BE54-9A1E7A4F7556}") = "Author", "Author\Author.csproj", "{D9E39A3C-5071-407A-A9CD-CF14285C4505}"
EndProject
Project("{9A19103F-16F7-4668-BE54-9A1E7A4F7556}") = "GetAuthor", "GetAuthor\GetAuthor.csproj", "{90039229-0173-4CBF-A468-BA21CA1641AA}"
EndProject
Global
	GlobalSection(SolutionConfigurationPlatforms) = preSolution
		Debug|Any CPU = Debug|Any CPU
		Release|Any CPU = Release|Any CPU
	EndGlobalSection
	GlobalSection(ProjectConfigurationPlatforms) = postSolution
		{D9E39A3C-5071-407A-A9CD-CF14285C4505}.Debug|Any CPU.ActiveCfg = Debug|Any CPU
		{D9E39A3C-5071-407A-A9CD-CF14285C4505}.Debug|Any CPU.Build.0 = Debug|Any CPU
		{D9E39A3C-5071-407A-A9CD-CF14285C4505}.Release|Any CPU.ActiveCfg = Release|Any CPU
		{D9E39A3C-5071-407A-A9CD-CF14285C4505}.Release|Any CPU.Build.0 = Release|Any CPU
		{90039229-0173-4CBF-A468-BA21CA1641AA}.Debug|Any CPU.ActiveCfg = Debug|Any CPU
		{90039229-0173-4CBF-A468-BA21CA1641AA}.Debug|Any CPU.Build.0 = Debug|Any CPU
		{90039229-0173-4CBF-A468-BA21CA1641AA}.Release|Any CPU.ActiveCfg = Release|Any CPU
		{90039229-0173-4CBF-A468-BA21CA1641AA}.Release|Any CPU.Build.0 = Release|Any CPU
	EndGlobalSection
	GlobalSection(SolutionProperties) = preSolution
		HideSolutionNode = FALSE
	EndGlobalSection
	GlobalSection(ExtensibilityGlobals) = postSolution
		SolutionGuid = {2741DE6D-B126-4E3B-BFB6-A30163E6600C}
	EndGlobalSection
EndGlobal
